Microsoft Visual Studio Solution File, Format Version 11.00
# Visual Studio 2008

Project("{70B16F11-97E2-BB0D-13BD-85EFD7AEA5D9}") = "GameDevCW1", "Assembly-CSharp.csproj", "{D3CD4313-70E6-2B8E-7F9D-7F89A13E0B83}"
EndProject
Global
	GlobalSection(SolutionConfigurationPlatforms) = preSolution
		Debug|Any CPU = Debug|Any CPU
		Release|Any CPU = Release|Any CPU
	EndGlobalSection
	GlobalSection(ProjectConfigurationPlatforms) = postSolution
		{D3CD4313-70E6-2B8E-7F9D-7F89A13E0B83}.Debug|Any CPU.ActiveCfg = Debug|Any CPU
		{D3CD4313-70E6-2B8E-7F9D-7F89A13E0B83}.Debug|Any CPU.Build.0 = Debug|Any CPU
		{D3CD4313-70E6-2B8E-7F9D-7F89A13E0B83}.Release|Any CPU.ActiveCfg = Release|Any CPU
		{D3CD4313-70E6-2B8E-7F9D-7F89A13E0B83}.Release|Any CPU.Build.0 = Release|Any CPU
	EndGlobalSection
	GlobalSection(SolutionProperties) = preSolution
		HideSolutionNode = FALSE
	EndGlobalSection
	GlobalSection(MonoDevelopProperties) = preSolution
		StartupItem = Assembly-CSharp.csproj
	EndGlobalSection
EndGlobal
